
Microsoft Visual Studio Solution File, Format Version 12.00
# Visual Studio Version 16
VisualStudioVersion = 16.0.31129.286
MinimumVisualStudioVersion = 10.0.40219.1
Project("{FAE04EC0-301F-11D3-BF4B-00C04F79EFBC}") = "0604_kinect", "0604_kinect\0604_kinect.csproj", "{386D93D8-B07F-44A4-8264-694CA1B4AEFE}"
EndProject
Global
	GlobalSection(SolutionConfigurationPlatforms) = preSolution
		Debug|Any CPU = Debug|Any CPU
		Release|Any CPU = Release|Any CPU
	EndGlobalSection
	GlobalSection(ProjectConfigurationPlatforms) = postSolution
		{386D93D8-B07F-44A4-8264-694CA1B4AEFE}.Debug|Any CPU.ActiveCfg = Debug|Any CPU
		{386D93D8-B07F-44A4-8264-694CA1B4AEFE}.Debug|Any CPU.Build.0 = Debug|Any CPU
		{386D93D8-B07F-44A4-8264-694CA1B4AEFE}.Release|Any CPU.ActiveCfg = Release|Any CPU
		{386D93D8-B07F-44A4-8264-694CA1B4AEFE}.Release|Any CPU.Build.0 = Release|Any CPU
	EndGlobalSection
	GlobalSection(SolutionProperties) = preSolution
		HideSolutionNode = FALSE
	EndGlobalSection
	GlobalSection(ExtensibilityGlobals) = postSolution
		SolutionGuid = {083AA2B3-7421-4BCA-8FE1-555FE0BC23DB}
	EndGlobalSection
EndGlobal
